// !$*UTF8*$!
{
	archiveVersion = 1;
	classes = {
	};
	objectVersion = 50;
	objects = {

/* Begin PBXBuildFile section */
		790155CE22D729EC001A0925 /* Badge.swift in Sources */ = {isa = PBXBuildFile; fileRef = 790155CD22D729EC001A0925 /* Badge.swift */; };
		790155D022D72A84001A0925 /* HexagonParameters.swift in Sources */ = {isa = PBXBuildFile; fileRef = 790155CF22D72A84001A0925 /* HexagonParameters.swift */; };
		790155D222D72E32001A0925 /* BadgeBackground.swift in Sources */ = {isa = PBXBuildFile; fileRef = 790155D122D72E32001A0925 /* BadgeBackground.swift */; };
		790155D422D72F0B001A0925 /* BadgeSymbol.swift in Sources */ = {isa = PBXBuildFile; fileRef = 790155D322D72F0B001A0925 /* BadgeSymbol.swift */; };
		790155D622D72FB4001A0925 /* RotatedBadgeSymbol.swift in Sources */ = {isa = PBXBuildFile; fileRef = 790155D522D72FB4001A0925 /* RotatedBadgeSymbol.swift */; };
		791FCF3822CF1CDC0012F4AA /* CircleImage.swift in Sources */ = {isa = PBXBuildFile; fileRef = 791FCF3722CF1CDC0012F4AA /* CircleImage.swift */; };
		791FCF3A22CF1FBB0012F4AA /* MapView.swift in Sources */ = {isa = PBXBuildFile; fileRef = 791FCF3922CF1FBB0012F4AA /* MapView.swift */; };
		791FCF3C22CF284B0012F4AA /* Landmark.swift in Sources */ = {isa = PBXBuildFile; fileRef = 791FCF3B22CF284B0012F4AA /* Landmark.swift */; };
		791FCF4022CF28B80012F4AA /* landmarkData.json in Resources */ = {isa = PBXBuildFile; fileRef = 791FCF3F22CF28B80012F4AA /* landmarkData.json */; };
		791FCF4222CF29DD0012F4AA /* LandmarkDetail.swift in Sources */ = {isa = PBXBuildFile; fileRef = 791FCF4122CF29DD0012F4AA /* LandmarkDetail.swift */; };
		791FCF4422CF2ADD0012F4AA /* Data.swift in Sources */ = {isa = PBXBuildFile; fileRef = 791FCF4322CF2ADD0012F4AA /* Data.swift */; };
		791FCF5122CF2B0C0012F4AA /* chilkoottrail.jpg in Resources */ = {isa = PBXBuildFile; fileRef = 791FCF4522CF2B0B0012F4AA /* chilkoottrail.jpg */; };
		791FCF5222CF2B0C0012F4AA /* turtlerock.jpg in Resources */ = {isa = PBXBuildFile; fileRef = 791FCF4622CF2B0B0012F4AA /* turtlerock.jpg */; };
		791FCF5322CF2B0C0012F4AA /* chincoteague.jpg in Resources */ = {isa = PBXBuildFile; fileRef = 791FCF4722CF2B0B0012F4AA /* chincoteague.jpg */; };
		791FCF5422CF2B0C0012F4AA /* yukon_charleyrivers.jpg in Resources */ = {isa = PBXBuildFile; fileRef = 791FCF4822CF2B0B0012F4AA /* yukon_charleyrivers.jpg */; };
		791FCF5522CF2B0C0012F4AA /* stmarylake.jpg in Resources */ = {isa = PBXBuildFile; fileRef = 791FCF4922CF2B0B0012F4AA /* stmarylake.jpg */; };
		791FCF5622CF2B0C0012F4AA /* rainbowlake.jpg in Resources */ = {isa = PBXBuildFile; fileRef = 791FCF4A22CF2B0B0012F4AA /* rainbowlake.jpg */; };
		791FCF5722CF2B0C0012F4AA /* hiddenlake.jpg in Resources */ = {isa = PBXBuildFile; fileRef = 791FCF4B22CF2B0B0012F4AA /* hiddenlake.jpg */; };
		791FCF5822CF2B0C0012F4AA /* lakemcdonald.jpg in Resources */ = {isa = PBXBuildFile; fileRef = 791FCF4C22CF2B0B0012F4AA /* lakemcdonald.jpg */; };
		791FCF5922CF2B0C0012F4AA /* icybay.jpg in Resources */ = {isa = PBXBuildFile; fileRef = 791FCF4D22CF2B0B0012F4AA /* icybay.jpg */; };
		791FCF5A22CF2B0C0012F4AA /* twinlake.jpg in Resources */ = {isa = PBXBuildFile; fileRef = 791FCF4E22CF2B0C0012F4AA /* twinlake.jpg */; };
		791FCF5B22CF2B0C0012F4AA /* silversalmoncreek.jpg in Resources */ = {isa = PBXBuildFile; fileRef = 791FCF4F22CF2B0C0012F4AA /* silversalmoncreek.jpg */; };
		791FCF5C22CF2B0C0012F4AA /* umbagog.jpg in Resources */ = {isa = PBXBuildFile; fileRef = 791FCF5022CF2B0C0012F4AA /* umbagog.jpg */; };
		791FCF5F22CF2D310012F4AA /* LandmarkRow.swift in Sources */ = {isa = PBXBuildFile; fileRef = 791FCF5E22CF2D310012F4AA /* LandmarkRow.swift */; };
		791FCF6122CF3CC40012F4AA /* LandmarkList.swift in Sources */ = {isa = PBXBuildFile; fileRef = 791FCF6022CF3CC40012F4AA /* LandmarkList.swift */; };
		793F3A9422E6A43E00B8A60C /* ProfileHost.swift in Sources */ = {isa = PBXBuildFile; fileRef = 793F3A9322E6A43E00B8A60C /* ProfileHost.swift */; };
		793F3A9622E6A4B000B8A60C /* Profile.swift in Sources */ = {isa = PBXBuildFile; fileRef = 793F3A9522E6A4B000B8A60C /* Profile.swift */; };
		793F3A9822E6CB3C00B8A60C /* ProfileSummary.swift in Sources */ = {isa = PBXBuildFile; fileRef = 793F3A9722E6CB3C00B8A60C /* ProfileSummary.swift */; };
		793F3A9A22E6CB9800B8A60C /* HikeBadge.swift in Sources */ = {isa = PBXBuildFile; fileRef = 793F3A9922E6CB9800B8A60C /* HikeBadge.swift */; };
		793F3A9C22E6D35F00B8A60C /* ProfileEditor.swift in Sources */ = {isa = PBXBuildFile; fileRef = 793F3A9B22E6D35F00B8A60C /* ProfileEditor.swift */; };
		79423D7822E063CB00D8F31D /* HikeDetail.swift in Sources */ = {isa = PBXBuildFile; fileRef = 79423D7522E063CB00D8F31D /* HikeDetail.swift */; };
		79423D7922E063CB00D8F31D /* HikeView.swift in Sources */ = {isa = PBXBuildFile; fileRef = 79423D7622E063CB00D8F31D /* HikeView.swift */; };
		79423D7B22E063DB00D8F31D /* Hike.swift in Sources */ = {isa = PBXBuildFile; fileRef = 79423D7A22E063DB00D8F31D /* Hike.swift */; };
		79423D7E22E0651D00D8F31D /* HikeGraph.swift in Sources */ = {isa = PBXBuildFile; fileRef = 79423D7C22E0651D00D8F31D /* HikeGraph.swift */; };
		79423D7F22E0651D00D8F31D /* GraphCapsule.swift in Sources */ = {isa = PBXBuildFile; fileRef = 79423D7D22E0651D00D8F31D /* GraphCapsule.swift */; };
		79423D8122E065C700D8F31D /* hikeData.json in Resources */ = {isa = PBXBuildFile; fileRef = 79423D8022E065C700D8F31D /* hikeData.json */; };
		795C246822E59C0700B6B034 /* Home.swift in Sources */ = {isa = PBXBuildFile; fileRef = 795C246722E59C0700B6B034 /* Home.swift */; };
		795C246A22E5A1DB00B6B034 /* CategoryRow.swift in Sources */ = {isa = PBXBuildFile; fileRef = 795C246922E5A1DB00B6B034 /* CategoryRow.swift */; };
		79C1EAD722D0CA37000DF595 /* charleyrivers.jpg in Resources */ = {isa = PBXBuildFile; fileRef = 79C1EAD622D0CA37000DF595 /* charleyrivers.jpg */; };
		79C1EAD922D0D5B6000DF595 /* UserData.swift in Sources */ = {isa = PBXBuildFile; fileRef = 79C1EAD822D0D5B6000DF595 /* UserData.swift */; };
		79DB3C4722CDB000006B57B3 /* AppDelegate.swift in Sources */ = {isa = PBXBuildFile; fileRef = 79DB3C4622CDB000006B57B3 /* AppDelegate.swift */; };
		79DB3C4922CDB000006B57B3 /* SceneDelegate.swift in Sources */ = {isa = PBXBuildFile; fileRef = 79DB3C4822CDB000006B57B3 /* SceneDelegate.swift */; };
		79DB3C4D22CDB002006B57B3 /* Assets.xcassets in Resources */ = {isa = PBXBuildFile; fileRef = 79DB3C4C22CDB002006B57B3 /* Assets.xcassets */; };
		79DB3C5022CDB002006B57B3 /* Preview Assets.xcassets in Resources */ = {isa = PBXBuildFile; fileRef = 79DB3C4F22CDB002006B57B3 /* Preview Assets.xcassets */; };
		79DB3C5322CDB002006B57B3 /* LaunchScreen.storyboard in Resources */ = {isa = PBXBuildFile; fileRef = 79DB3C5122CDB002006B57B3 /* LaunchScreen.storyboard */; };
/* End PBXBuildFile section */

/* Begin PBXFileReference section */
		790155CD22D729EC001A0925 /* Badge.swift */ = {isa = PBXFileReference; lastKnownFileType = sourcecode.swift; path = Badge.swift; sourceTree = "<group>"; };
		790155CF22D72A84001A0925 /* HexagonParameters.swift */ = {isa = PBXFileReference; lastKnownFileType = sourcecode.swift; path = HexagonParameters.swift; sourceTree = "<group>"; };
		790155D122D72E32001A0925 /* BadgeBackground.swift */ = {isa = PBXFileReference; lastKnownFileType = sourcecode.swift; path = BadgeBackground.swift; sourceTree = "<group>"; };
		790155D322D72F0B001A0925 /* BadgeSymbol.swift */ = {isa = PBXFileReference; lastKnownFileType = sourcecode.swift; path = BadgeSymbol.swift; sourceTree = "<group>"; };
		790155D522D72FB4001A0925 /* RotatedBadgeSymbol.swift */ = {isa = PBXFileReference; lastKnownFileType = sourcecode.swift; path = RotatedBadgeSymbol.swift; sourceTree = "<group>"; };
		791FCF3722CF1CDC0012F4AA /* CircleImage.swift */ = {isa = PBXFileReference; lastKnownFileType = sourcecode.swift; path = CircleImage.swift; sourceTree = "<group>"; };
		791FCF3922CF1FBB0012F4AA /* MapView.swift */ = {isa = PBXFileReference; lastKnownFileType = sourcecode.swift; path = MapView.swift; sourceTree = "<group>"; };
		791FCF3B22CF284B0012F4AA /* Landmark.swift */ = {isa = PBXFileReference; lastKnownFileType = sourcecode.swift; path = Landmark.swift; sourceTree = "<group>"; };
		791FCF3F22CF28B80012F4AA /* landmarkData.json */ = {isa = PBXFileReference; fileEncoding = 4; lastKnownFileType = text.json; path = landmarkData.json; sourceTree = "<group>"; };
		791FCF4122CF29DD0012F4AA /* LandmarkDetail.swift */ = {isa = PBXFileReference; lastKnownFileType = sourcecode.swift; path = LandmarkDetail.swift; sourceTree = "<group>"; };
		791FCF4322CF2ADD0012F4AA /* Data.swift */ = {isa = PBXFileReference; lastKnownFileType = sourcecode.swift; path = Data.swift; sourceTree = "<group>"; };
		791FCF4522CF2B0B0012F4AA /* chilkoottrail.jpg */ = {isa = PBXFileReference; lastKnownFileType = image.jpeg; path = chilkoottrail.jpg; sourceTree = "<group>"; };
		791FCF4622CF2B0B0012F4AA /* turtlerock.jpg */ = {isa = PBXFileReference; lastKnownFileType = image.jpeg; path = turtlerock.jpg; sourceTree = "<group>"; };
		791FCF4722CF2B0B0012F4AA /* chincoteague.jpg */ = {isa = PBXFileReference; lastKnownFileType = image.jpeg; path = chincoteague.jpg; sourceTree = "<group>"; };
		791FCF4822CF2B0B0012F4AA /* yukon_charleyrivers.jpg */ = {isa = PBXFileReference; lastKnownFileType = image.jpeg; path = yukon_charleyrivers.jpg; sourceTree = "<group>"; };
		791FCF4922CF2B0B0012F4AA /* stmarylake.jpg */ = {isa = PBXFileReference; lastKnownFileType = image.jpeg; path = stmarylake.jpg; sourceTree = "<group>"; };
		791FCF4A22CF2B0B0012F4AA /* rainbowlake.jpg */ = {isa = PBXFileReference; lastKnownFileType = image.jpeg; path = rainbowlake.jpg; sourceTree = "<group>"; };
		791FCF4B22CF2B0B0012F4AA /* hiddenlake.jpg */ = {isa = PBXFileReference; lastKnownFileType = image.jpeg; path = hiddenlake.jpg; sourceTree = "<group>"; };
		791FCF4C22CF2B0B0012F4AA /* lakemcdonald.jpg */ = {isa = PBXFileReference; lastKnownFileType = image.jpeg; path = lakemcdonald.jpg; sourceTree = "<group>"; };
		791FCF4D22CF2B0B0012F4AA /* icybay.jpg */ = {isa = PBXFileReference; lastKnownFileType = image.jpeg; path = icybay.jpg; sourceTree = "<group>"; };
		791FCF4E22CF2B0C0012F4AA /* twinlake.jpg */ = {isa = PBXFileReference; lastKnownFileType = image.jpeg; path = twinlake.jpg; sourceTree = "<group>"; };
		791FCF4F22CF2B0C0012F4AA /* silversalmoncreek.jpg */ = {isa = PBXFileReference; lastKnownFileType = image.jpeg; path = silversalmoncreek.jpg; sourceTree = "<group>"; };
		791FCF5022CF2B0C0012F4AA /* umbagog.jpg */ = {isa = PBXFileReference; lastKnownFileType = image.jpeg; path = umbagog.jpg; sourceTree = "<group>"; };
		791FCF5E22CF2D310012F4AA /* LandmarkRow.swift */ = {isa = PBXFileReference; lastKnownFileType = sourcecode.swift; path = LandmarkRow.swift; sourceTree = "<group>"; };
		791FCF6022CF3CC40012F4AA /* LandmarkList.swift */ = {isa = PBXFileReference; lastKnownFileType = sourcecode.swift; path = LandmarkList.swift; sourceTree = "<group>"; };
		793F3A9322E6A43E00B8A60C /* ProfileHost.swift */ = {isa = PBXFileReference; lastKnownFileType = sourcecode.swift; name = ProfileHost.swift; path = ../../../../../../../System/Volumes/Data/Users/quocnb/Documents/project/SwiftUITest/SwiftUITest/Views/ProfileHost.swift; sourceTree = "<group>"; };
		793F3A9522E6A4B000B8A60C /* Profile.swift */ = {isa = PBXFileReference; fileEncoding = 4; lastKnownFileType = sourcecode.swift; path = Profile.swift; sourceTree = "<group>"; };
		793F3A9722E6CB3C00B8A60C /* ProfileSummary.swift */ = {isa = PBXFileReference; lastKnownFileType = sourcecode.swift; name = ProfileSummary.swift; path = ../../../../../../../System/Volumes/Data/Users/quocnb/Documents/project/SwiftUITest/SwiftUITest/Views/ProfileSummary.swift; sourceTree = "<group>"; };
		793F3A9922E6CB9800B8A60C /* HikeBadge.swift */ = {isa = PBXFileReference; lastKnownFileType = sourcecode.swift; name = HikeBadge.swift; path = ../../../../../../../System/Volumes/Data/Users/quocnb/Documents/project/SwiftUITest/SwiftUITest/Views/HikeBadge.swift; sourceTree = "<group>"; };
		793F3A9B22E6D35F00B8A60C /* ProfileEditor.swift */ = {isa = PBXFileReference; lastKnownFileType = sourcecode.swift; name = ProfileEditor.swift; path = ../../../../../../../System/Volumes/Data/Users/quocnb/Documents/project/SwiftUITest/SwiftUITest/Views/ProfileEditor.swift; sourceTree = "<group>"; };
		79423D7522E063CB00D8F31D /* HikeDetail.swift */ = {isa = PBXFileReference; fileEncoding = 4; lastKnownFileType = sourcecode.swift; path = HikeDetail.swift; sourceTree = "<group>"; };
		79423D7622E063CB00D8F31D /* HikeView.swift */ = {isa = PBXFileReference; fileEncoding = 4; lastKnownFileType = sourcecode.swift; path = HikeView.swift; sourceTree = "<group>"; };
		79423D7A22E063DB00D8F31D /* Hike.swift */ = {isa = PBXFileReference; fileEncoding = 4; lastKnownFileType = sourcecode.swift; path = Hike.swift; sourceTree = "<group>"; };
		79423D7C22E0651D00D8F31D /* HikeGraph.swift */ = {isa = PBXFileReference; fileEncoding = 4; lastKnownFileType = sourcecode.swift; path = HikeGraph.swift; sourceTree = "<group>"; };
		79423D7D22E0651D00D8F31D /* GraphCapsule.swift */ = {isa = PBXFileReference; fileEncoding = 4; lastKnownFileType = sourcecode.swift; path = GraphCapsule.swift; sourceTree = "<group>"; };
		79423D8022E065C700D8F31D /* hikeData.json */ = {isa = PBXFileReference; fileEncoding = 4; lastKnownFileType = text.json; path = hikeData.json; sourceTree = "<group>"; };
		795C246722E59C0700B6B034 /* Home.swift */ = {isa = PBXFileReference; lastKnownFileType = sourcecode.swift; name = Home.swift; path = ../../../../../../../System/Volumes/Data/Users/quocnb/Documents/project/SwiftUITest/SwiftUITest/Views/Home.swift; sourceTree = "<group>"; };
		795C246922E5A1DB00B6B034 /* CategoryRow.swift */ = {isa = PBXFileReference; lastKnownFileType = sourcecode.swift; name = CategoryRow.swift; path = ../../../../../../../System/Volumes/Data/Users/quocnb/Documents/project/SwiftUITest/SwiftUITest/Views/CategoryRow.swift; sourceTree = "<group>"; };
		79C1EAD622D0CA37000DF595 /* charleyrivers.jpg */ = {isa = PBXFileReference; lastKnownFileType = image.jpeg; path = charleyrivers.jpg; sourceTree = "<group>"; };
		79C1EAD822D0D5B6000DF595 /* UserData.swift */ = {isa = PBXFileReference; lastKnownFileType = sourcecode.swift; path = UserData.swift; sourceTree = "<group>"; };
		79CF71F822CDDC4E002D185A /* SwiftUITest.entitlements */ = {isa = PBXFileReference; lastKnownFileType = text.plist.entitlements; path = SwiftUITest.entitlements; sourceTree = "<group>"; };
		79DB3C4322CDB000006B57B3 /* SwiftUITest.app */ = {isa = PBXFileReference; explicitFileType = wrapper.application; includeInIndex = 0; path = SwiftUITest.app; sourceTree = BUILT_PRODUCTS_DIR; };
		79DB3C4622CDB000006B57B3 /* AppDelegate.swift */ = {isa = PBXFileReference; lastKnownFileType = sourcecode.swift; path = AppDelegate.swift; sourceTree = "<group>"; };
		79DB3C4822CDB000006B57B3 /* SceneDelegate.swift */ = {isa = PBXFileReference; lastKnownFileType = sourcecode.swift; path = SceneDelegate.swift; sourceTree = "<group>"; };
		79DB3C4C22CDB002006B57B3 /* Assets.xcassets */ = {isa = PBXFileReference; lastKnownFileType = folder.assetcatalog; path = Assets.xcassets; sourceTree = "<group>"; };
		79DB3C4F22CDB002006B57B3 /* Preview Assets.xcassets */ = {isa = PBXFileReference; lastKnownFileType = folder.assetcatalog; path = "Preview Assets.xcassets"; sourceTree = "<group>"; };
		79DB3C5222CDB002006B57B3 /* Base */ = {isa = PBXFileReference; lastKnownFileType = file.storyboard; name = Base; path = Base.lproj/LaunchScreen.storyboard; sourceTree = "<group>"; };
		79DB3C5422CDB002006B57B3 /* Info.plist */ = {isa = PBXFileReference; lastKnownFileType = text.plist.xml; path = Info.plist; sourceTree = "<group>"; };
/* End PBXFileReference section */

/* Begin PBXFrameworksBuildPhase section */
		79DB3C4022CDB000006B57B3 /* Frameworks */ = {
			isa = PBXFrameworksBuildPhase;
			buildActionMask = 2147483647;
			files = (
			);
			runOnlyForDeploymentPostprocessing = 0;
		};
/* End PBXFrameworksBuildPhase section */

/* Begin PBXGroup section */
		791FCF3D22CF28590012F4AA /* Views */ = {
			isa = PBXGroup;
			children = (
				79423D7D22E0651D00D8F31D /* GraphCapsule.swift */,
				79423D7C22E0651D00D8F31D /* HikeGraph.swift */,
				79423D7A22E063DB00D8F31D /* Hike.swift */,
				79423D7522E063CB00D8F31D /* HikeDetail.swift */,
				79423D7622E063CB00D8F31D /* HikeView.swift */,
				791FCF3722CF1CDC0012F4AA /* CircleImage.swift */,
				791FCF3922CF1FBB0012F4AA /* MapView.swift */,
				791FCF4122CF29DD0012F4AA /* LandmarkDetail.swift */,
				791FCF5E22CF2D310012F4AA /* LandmarkRow.swift */,
				791FCF6022CF3CC40012F4AA /* LandmarkList.swift */,
				790155CD22D729EC001A0925 /* Badge.swift */,
				790155D322D72F0B001A0925 /* BadgeSymbol.swift */,
				790155D522D72FB4001A0925 /* RotatedBadgeSymbol.swift */,
				790155D122D72E32001A0925 /* BadgeBackground.swift */,
				795C246722E59C0700B6B034 /* Home.swift */,
				795C246922E5A1DB00B6B034 /* CategoryRow.swift */,
				793F3A9322E6A43E00B8A60C /* ProfileHost.swift */,
				793F3A9722E6CB3C00B8A60C /* ProfileSummary.swift */,
				793F3A9B22E6D35F00B8A60C /* ProfileEditor.swift */,
				793F3A9922E6CB9800B8A60C /* HikeBadge.swift */,
			);
			path = Views;
			sourceTree = "<group>";
		};
		791FCF3E22CF28640012F4AA /* Data Models */ = {
			isa = PBXGroup;
			children = (
				793F3A9522E6A4B000B8A60C /* Profile.swift */,
				791FCF3B22CF284B0012F4AA /* Landmark.swift */,
				791FCF4322CF2ADD0012F4AA /* Data.swift */,
				79C1EAD822D0D5B6000DF595 /* UserData.swift */,
				790155CF22D72A84001A0925 /* HexagonParameters.swift */,
			);
			path = "Data Models";
			sourceTree = "<group>";
		};
		791FCF5D22CF2B150012F4AA /* Resource */ = {
			isa = PBXGroup;
			children = (
				79423D8022E065C700D8F31D /* hikeData.json */,
				791FCF3F22CF28B80012F4AA /* landmarkData.json */,
				79C1EAD622D0CA37000DF595 /* charleyrivers.jpg */,
				791FCF4522CF2B0B0012F4AA /* chilkoottrail.jpg */,
				791FCF4722CF2B0B0012F4AA /* chincoteague.jpg */,
				791FCF4B22CF2B0B0012F4AA /* hiddenlake.jpg */,
				791FCF4D22CF2B0B0012F4AA /* icybay.jpg */,
				791FCF4C22CF2B0B0012F4AA /* lakemcdonald.jpg */,
				791FCF4A22CF2B0B0012F4AA /* rainbowlake.jpg */,
				791FCF4F22CF2B0C0012F4AA /* silversalmoncreek.jpg */,
				791FCF4922CF2B0B0012F4AA /* stmarylake.jpg */,
				791FCF4622CF2B0B0012F4AA /* turtlerock.jpg */,
				791FCF4E22CF2B0C0012F4AA /* twinlake.jpg */,
				791FCF5022CF2B0C0012F4AA /* umbagog.jpg */,
				791FCF4822CF2B0B0012F4AA /* yukon_charleyrivers.jpg */,
			);
			path = Resource;
			sourceTree = "<group>";
		};
		79DB3C3A22CDB000006B57B3 = {
			isa = PBXGroup;
			children = (
				79DB3C4522CDB000006B57B3 /* SwiftUITest */,
				79DB3C4422CDB000006B57B3 /* Products */,
			);
			sourceTree = "<group>";
		};
		79DB3C4422CDB000006B57B3 /* Products */ = {
			isa = PBXGroup;
			children = (
				79DB3C4322CDB000006B57B3 /* SwiftUITest.app */,
			);
			name = Products;
			sourceTree = "<group>";
		};
		79DB3C4522CDB000006B57B3 /* SwiftUITest */ = {
			isa = PBXGroup;
			children = (
				79CF71F822CDDC4E002D185A /* SwiftUITest.entitlements */,
				79DB3C4622CDB000006B57B3 /* AppDelegate.swift */,
				79DB3C4822CDB000006B57B3 /* SceneDelegate.swift */,
				791FCF3D22CF28590012F4AA /* Views */,
				791FCF3E22CF28640012F4AA /* Data Models */,
				79DB3C4C22CDB002006B57B3 /* Assets.xcassets */,
				79DB3C5122CDB002006B57B3 /* LaunchScreen.storyboard */,
				79DB3C5422CDB002006B57B3 /* Info.plist */,
				791FCF5D22CF2B150012F4AA /* Resource */,
				79DB3C4E22CDB002006B57B3 /* Preview Content */,
			);
			path = SwiftUITest;
			sourceTree = "<group>";
		};
		79DB3C4E22CDB002006B57B3 /* Preview Content */ = {
			isa = PBXGroup;
			children = (
				79DB3C4F22CDB002006B57B3 /* Preview Assets.xcassets */,
			);
			path = "Preview Content";
			sourceTree = "<group>";
		};
/* End PBXGroup section */

/* Begin PBXNativeTarget section */
		79DB3C4222CDB000006B57B3 /* SwiftUITest */ = {
			isa = PBXNativeTarget;
			buildConfigurationList = 79DB3C5722CDB002006B57B3 /* Build configuration list for PBXNativeTarget "SwiftUITest" */;
			buildPhases = (
				79DB3C3F22CDB000006B57B3 /* Sources */,
				79DB3C4022CDB000006B57B3 /* Frameworks */,
				79DB3C4122CDB000006B57B3 /* Resources */,
			);
			buildRules = (
			);
			dependencies = (
			);
			name = SwiftUITest;
			productName = SwiftUITest;
			productReference = 79DB3C4322CDB000006B57B3 /* SwiftUITest.app */;
			productType = "com.apple.product-type.application";
		};
/* End PBXNativeTarget section */

/* Begin PBXProject section */
		79DB3C3B22CDB000006B57B3 /* Project object */ = {
			isa = PBXProject;
			attributes = {
				LastSwiftUpdateCheck = 1100;
				LastUpgradeCheck = 1100;
				ORGANIZATIONNAME = "Quoc Nguyen";
				TargetAttributes = {
					79DB3C4222CDB000006B57B3 = {
						CreatedOnToolsVersion = 11.0;
					};
				};
			};
			buildConfigurationList = 79DB3C3E22CDB000006B57B3 /* Build configuration list for PBXProject "SwiftUITest" */;
			compatibilityVersion = "Xcode 9.3";
			developmentRegion = en;
			hasScannedForEncodings = 0;
			knownRegions = (
				en,
				Base,
			);
			mainGroup = 79DB3C3A22CDB000006B57B3;
			productRefGroup = 79DB3C4422CDB000006B57B3 /* Products */;
			projectDirPath = "";
			projectRoot = "";
			targets = (
				79DB3C4222CDB000006B57B3 /* SwiftUITest */,
			);
		};
/* End PBXProject section */

/* Begin PBXResourcesBuildPhase section */
		79DB3C4122CDB000006B57B3 /* Resources */ = {
			isa = PBXResourcesBuildPhase;
			buildActionMask = 2147483647;
			files = (
				791FCF5B22CF2B0C0012F4AA /* silversalmoncreek.jpg in Resources */,
				791FCF5522CF2B0C0012F4AA /* stmarylake.jpg in Resources */,
				791FCF5622CF2B0C0012F4AA /* rainbowlake.jpg in Resources */,
				791FCF5922CF2B0C0012F4AA /* icybay.jpg in Resources */,
				79423D8122E065C700D8F31D /* hikeData.json in Resources */,
				79DB3C5322CDB002006B57B3 /* LaunchScreen.storyboard in Resources */,
				791FCF5A22CF2B0C0012F4AA /* twinlake.jpg in Resources */,
				791FCF4022CF28B80012F4AA /* landmarkData.json in Resources */,
				79C1EAD722D0CA37000DF595 /* charleyrivers.jpg in Resources */,
				791FCF5222CF2B0C0012F4AA /* turtlerock.jpg in Resources */,
				791FCF5722CF2B0C0012F4AA /* hiddenlake.jpg in Resources */,
				791FCF5822CF2B0C0012F4AA /* lakemcdonald.jpg in Resources */,
				791FCF5322CF2B0C0012F4AA /* chincoteague.jpg in Resources */,
				79DB3C5022CDB002006B57B3 /* Preview Assets.xcassets in Resources */,
				791FCF5C22CF2B0C0012F4AA /* umbagog.jpg in Resources */,
				791FCF5122CF2B0C0012F4AA /* chilkoottrail.jpg in Resources */,
				791FCF5422CF2B0C0012F4AA /* yukon_charleyrivers.jpg in Resources */,
				79DB3C4D22CDB002006B57B3 /* Assets.xcassets in Resources */,
			);
			runOnlyForDeploymentPostprocessing = 0;
		};
/* End PBXResourcesBuildPhase section */

/* Begin PBXSourcesBuildPhase section */
		79DB3C3F22CDB000006B57B3 /* Sources */ = {
			isa = PBXSourcesBuildPhase;
			buildActionMask = 2147483647;
			files = (
				79DB3C4722CDB000006B57B3 /* AppDelegate.swift in Sources */,
				793F3A9622E6A4B000B8A60C /* Profile.swift in Sources */,
				790155CE22D729EC001A0925 /* Badge.swift in Sources */,
				791FCF3822CF1CDC0012F4AA /* CircleImage.swift in Sources */,
				793F3A9422E6A43E00B8A60C /* ProfileHost.swift in Sources */,
				791FCF3A22CF1FBB0012F4AA /* MapView.swift in Sources */,
				79423D7E22E0651D00D8F31D /* HikeGraph.swift in Sources */,
				79423D7922E063CB00D8F31D /* HikeView.swift in Sources */,
				795C246A22E5A1DB00B6B034 /* CategoryRow.swift in Sources */,
				79423D7F22E0651D00D8F31D /* GraphCapsule.swift in Sources */,
				79DB3C4922CDB000006B57B3 /* SceneDelegate.swift in Sources */,
				79C1EAD922D0D5B6000DF595 /* UserData.swift in Sources */,
				791FCF3C22CF284B0012F4AA /* Landmark.swift in Sources */,
				79423D7B22E063DB00D8F31D /* Hike.swift in Sources */,
				790155D422D72F0B001A0925 /* BadgeSymbol.swift in Sources */,
				791FCF4222CF29DD0012F4AA /* LandmarkDetail.swift in Sources */,
				793F3A9A22E6CB9800B8A60C /* HikeBadge.swift in Sources */,
				795C246822E59C0700B6B034 /* Home.swift in Sources */,
				79423D7822E063CB00D8F31D /* HikeDetail.swift in Sources */,
				790155D222D72E32001A0925 /* BadgeBackground.swift in Sources */,
				790155D022D72A84001A0925 /* HexagonParameters.swift in Sources */,
				791FCF4422CF2ADD0012F4AA /* Data.swift in Sources */,
				791FCF5F22CF2D310012F4AA /* LandmarkRow.swift in Sources */,
				793F3A9822E6CB3C00B8A60C /* ProfileSummary.swift in Sources */,
				791FCF6122CF3CC40012F4AA /* LandmarkList.swift in Sources */,
				790155D622D72FB4001A0925 /* RotatedBadgeSymbol.swift in Sources */,
				793F3A9C22E6D35F00B8A60C /* ProfileEditor.swift in Sources */,
			);
			runOnlyForDeploymentPostprocessing = 0;
		};
/* End PBXSourcesBuildPhase section */

/* Begin PBXVariantGroup section */
		79DB3C5122CDB002006B57B3 /* LaunchScreen.storyboard */ = {
			isa = PBXVariantGroup;
			children = (
				79DB3C5222CDB002006B57B3 /* Base */,
			);
			name = LaunchScreen.storyboard;
			sourceTree = "<group>";
		};
/* End PBXVariantGroup section */

/* Begin XCBuildConfiguration section */
		79DB3C5522CDB002006B57B3 /* Debug */ = {
			isa = XCBuildConfiguration;
			buildSettings = {
				ALWAYS_SEARCH_USER_PATHS = NO;
				CLANG_ANALYZER_NONNULL = YES;
				CLANG_ANALYZER_NUMBER_OBJECT_CONVERSION = YES_AGGRESSIVE;
				CLANG_CXX_LANGUAGE_STANDARD = "gnu++14";
				CLANG_CXX_LIBRARY = "libc++";
				CLANG_ENABLE_MODULES = YES;
				CLANG_ENABLE_OBJC_ARC = YES;
				CLANG_ENABLE_OBJC_WEAK = YES;
				CLANG_WARN_BLOCK_CAPTURE_AUTORELEASING = YES;
				CLANG_WARN_BOOL_CONVERSION = YES;
				CLANG_WARN_COMMA = YES;
				CLANG_WARN_CONSTANT_CONVERSION = YES;
				CLANG_WARN_DEPRECATED_OBJC_IMPLEMENTATIONS = YES;
				CLANG_WARN_DIRECT_OBJC_ISA_USAGE = YES_ERROR;
				CLANG_WARN_DOCUMENTATION_COMMENTS = YES;
				CLANG_WARN_EMPTY_BODY = YES;
				CLANG_WARN_ENUM_CONVERSION = YES;
				CLANG_WARN_INFINITE_RECURSION = YES;
				CLANG_WARN_INT_CONVERSION = YES;
				CLANG_WARN_NON_LITERAL_NULL_CONVERSION = YES;
				CLANG_WARN_OBJC_IMPLICIT_RETAIN_SELF = YES;
				CLANG_WARN_OBJC_LITERAL_CONVERSION = YES;
				CLANG_WARN_OBJC_ROOT_CLASS = YES_ERROR;
				CLANG_WARN_RANGE_LOOP_ANALYSIS = YES;
				CLANG_WARN_STRICT_PROTOTYPES = YES;
				CLANG_WARN_SUSPICIOUS_MOVE = YES;
				CLANG_WARN_UNGUARDED_AVAILABILITY = YES_AGGRESSIVE;
				CLANG_WARN_UNREACHABLE_CODE = YES;
				CLANG_WARN__DUPLICATE_METHOD_MATCH = YES;
				COPY_PHASE_STRIP = NO;
				DEBUG_INFORMATION_FORMAT = dwarf;
				ENABLE_STRICT_OBJC_MSGSEND = YES;
				ENABLE_TESTABILITY = YES;
				GCC_C_LANGUAGE_STANDARD = gnu11;
				GCC_DYNAMIC_NO_PIC = NO;
				GCC_NO_COMMON_BLOCKS = YES;
				GCC_OPTIMIZATION_LEVEL = 0;
				GCC_PREPROCESSOR_DEFINITIONS = (
					"DEBUG=1",
					"$(inherited)",
				);
				GCC_WARN_64_TO_32_BIT_CONVERSION = YES;
				GCC_WARN_ABOUT_RETURN_TYPE = YES_ERROR;
				GCC_WARN_UNDECLARED_SELECTOR = YES;
				GCC_WARN_UNINITIALIZED_AUTOS = YES_AGGRESSIVE;
				GCC_WARN_UNUSED_FUNCTION = YES;
				GCC_WARN_UNUSED_VARIABLE = YES;
				IPHONEOS_DEPLOYMENT_TARGET = 13.0;
				MTL_ENABLE_DEBUG_INFO = INCLUDE_SOURCE;
				MTL_FAST_MATH = YES;
				ONLY_ACTIVE_ARCH = YES;
				SDKROOT = iphoneos;
				SWIFT_ACTIVE_COMPILATION_CONDITIONS = DEBUG;
				SWIFT_OPTIMIZATION_LEVEL = "-Onone";
			};
			name = Debug;
		};
		79DB3C5622CDB002006B57B3 /* Release */ = {
			isa = XCBuildConfiguration;
			buildSettings = {
				ALWAYS_SEARCH_USER_PATHS = NO;
				CLANG_ANALYZER_NONNULL = YES;
				CLANG_ANALYZER_NUMBER_OBJECT_CONVERSION = YES_AGGRESSIVE;
				CLANG_CXX_LANGUAGE_STANDARD = "gnu++14";
				CLANG_CXX_LIBRARY = "libc++";
				CLANG_ENABLE_MODULES = YES;
				CLANG_ENABLE_OBJC_ARC = YES;
				CLANG_ENABLE_OBJC_WEAK = YES;
				CLANG_WARN_BLOCK_CAPTURE_AUTORELEASING = YES;
				CLANG_WARN_BOOL_CONVERSION = YES;
				CLANG_WARN_COMMA = YES;
				CLANG_WARN_CONSTANT_CONVERSION = YES;
				CLANG_WARN_DEPRECATED_OBJC_IMPLEMENTATIONS = YES;
				CLANG_WARN_DIRECT_OBJC_ISA_USAGE = YES_ERROR;
				CLANG_WARN_DOCUMENTATION_COMMENTS = YES;
				CLANG_WARN_EMPTY_BODY = YES;
				CLANG_WARN_ENUM_CONVERSION = YES;
				CLANG_WARN_INFINITE_RECURSION = YES;
				CLANG_WARN_INT_CONVERSION = YES;
				CLANG_WARN_NON_LITERAL_NULL_CONVERSION = YES;
				CLANG_WARN_OBJC_IMPLICIT_RETAIN_SELF = YES;
				CLANG_WARN_OBJC_LITERAL_CONVERSION = YES;
				CLANG_WARN_OBJC_ROOT_CLASS = YES_ERROR;
				CLANG_WARN_RANGE_LOOP_ANALYSIS = YES;
				CLANG_WARN_STRICT_PROTOTYPES = YES;
				CLANG_WARN_SUSPICIOUS_MOVE = YES;
				CLANG_WARN_UNGUARDED_AVAILABILITY = YES_AGGRESSIVE;
				CLANG_WARN_UNREACHABLE_CODE = YES;
				CLANG_WARN__DUPLICATE_METHOD_MATCH = YES;
				COPY_PHASE_STRIP = NO;
				DEBUG_INFORMATION_FORMAT = "dwarf-with-dsym";
				ENABLE_NS_ASSERTIONS = NO;
				ENABLE_STRICT_OBJC_MSGSEND = YES;
				GCC_C_LANGUAGE_STANDARD = gnu11;
				GCC_NO_COMMON_BLOCKS = YES;
				GCC_WARN_64_TO_32_BIT_CONVERSION = YES;
				GCC_WARN_ABOUT_RETURN_TYPE = YES_ERROR;
				GCC_WARN_UNDECLARED_SELECTOR = YES;
				GCC_WARN_UNINITIALIZED_AUTOS = YES_AGGRESSIVE;
				GCC_WARN_UNUSED_FUNCTION = YES;
				GCC_WARN_UNUSED_VARIABLE = YES;
				IPHONEOS_DEPLOYMENT_TARGET = 13.0;
				MTL_ENABLE_DEBUG_INFO = NO;
				MTL_FAST_MATH = YES;
				SDKROOT = iphoneos;
				SWIFT_COMPILATION_MODE = wholemodule;
				SWIFT_OPTIMIZATION_LEVEL = "-O";
				VALIDATE_PRODUCT = YES;
			};
			name = Release;
		};
		79DB3C5822CDB002006B57B3 /* Debug */ = {
			isa = XCBuildConfiguration;
			buildSettings = {
				ASSETCATALOG_COMPILER_APPICON_NAME = AppIcon;
				CODE_SIGN_ENTITLEMENTS = SwiftUITest/SwiftUITest.entitlements;
				CODE_SIGN_STYLE = Automatic;
				DEVELOPMENT_ASSET_PATHS = "SwiftUITest/Preview\\ Content";
				DEVELOPMENT_TEAM = P954B8KACQ;
				ENABLE_PREVIEWS = YES;
				INFOPLIST_FILE = SwiftUITest/Info.plist;
				LD_RUNPATH_SEARCH_PATHS = (
					"$(inherited)",
					"@executable_path/Frameworks",
				);
				PRODUCT_BUNDLE_IDENTIFIER = com.quocnb.SwiftUITest;
				PRODUCT_NAME = "$(TARGET_NAME)";
				SUPPORTS_UIKITFORMAC = NO;
				SWIFT_VERSION = 5.0;
				TARGETED_DEVICE_FAMILY = "1,2";
			};
			name = Debug;
		};
		79DB3C5922CDB002006B57B3 /* Release */ = {
			isa = XCBuildConfiguration;
			buildSettings = {
				ASSETCATALOG_COMPILER_APPICON_NAME = AppIcon;
				CODE_SIGN_ENTITLEMENTS = SwiftUITest/SwiftUITest.entitlements;
				CODE_SIGN_STYLE = Automatic;
				DEVELOPMENT_ASSET_PATHS = "SwiftUITest/Preview\\ Content";
				DEVELOPMENT_TEAM = P954B8KACQ;
				ENABLE_PREVIEWS = YES;
				INFOPLIST_FILE = SwiftUITest/Info.plist;
				LD_RUNPATH_SEARCH_PATHS = (
					"$(inherited)",
					"@executable_path/Frameworks",
				);
				PRODUCT_BUNDLE_IDENTIFIER = com.quocnb.SwiftUITest;
				PRODUCT_NAME = "$(TARGET_NAME)";
				SUPPORTS_UIKITFORMAC = NO;
				SWIFT_VERSION = 5.0;
				TARGETED_DEVICE_FAMILY = "1,2";
			};
			name = Release;
		};
/* End XCBuildConfiguration section */

/* Begin XCConfigurationList section */
		79DB3C3E22CDB000006B57B3 /* Build configuration list for PBXProject "SwiftUITest" */ = {
			isa = XCConfigurationList;
			buildConfigurations = (
				79DB3C5522CDB002006B57B3 /* Debug */,
				79DB3C5622CDB002006B57B3 /* Release */,
			);
			defaultConfigurationIsVisible = 0;
			defaultConfigurationName = Release;
		};
		79DB3C5722CDB002006B57B3 /* Build configuration list for PBXNativeTarget "SwiftUITest" */ = {
			isa = XCConfigurationList;
			buildConfigurations = (
				79DB3C5822CDB002006B57B3 /* Debug */,
				79DB3C5922CDB002006B57B3 /* Release */,
			);
			defaultConfigurationIsVisible = 0;
			defaultConfigurationName = Release;
		};
/* End XCConfigurationList section */
	};
	rootObject = 79DB3C3B22CDB000006B57B3 /* Project object */;
}
